
Microsoft Visual Studio Solution File, Format Version 12.00
# Visual Studio Version 17
VisualStudioVersion = 17.7.34031.279
MinimumVisualStudioVersion = 10.0.40219.1
Project("{FAE04EC0-301F-11D3-BF4B-00C04F79EFBC}") = "Calculadora", "Calculadora\Calculadora.csproj", "{8AB924A6-9085-4363-BA93-8CCEEF90597C}"
EndProject
Project("{FAE04EC0-301F-11D3-BF4B-00C04F79EFBC}") = "CalculadoraTeste", "CalculadoraTeste\CalculadoraTeste.csproj", "{7E2CC12F-D3B0-4A9C-BCF1-61EB30A58348}"
EndProject
Global
	GlobalSection(SolutionConfigurationPlatforms) = preSolution
		Debug|Any CPU = Debug|Any CPU
		Release|Any CPU = Release|Any CPU
	EndGlobalSection
	GlobalSection(ProjectConfigurationPlatforms) = postSolution
		{8AB924A6-9085-4363-BA93-8CCEEF90597C}.Debug|Any CPU.ActiveCfg = Debug|Any CPU
		{8AB924A6-9085-4363-BA93-8CCEEF90597C}.Debug|Any CPU.Build.0 = Debug|Any CPU
		{8AB924A6-9085-4363-BA93-8CCEEF90597C}.Release|Any CPU.ActiveCfg = Release|Any CPU
		{8AB924A6-9085-4363-BA93-8CCEEF90597C}.Release|Any CPU.Build.0 = Release|Any CPU
		{7E2CC12F-D3B0-4A9C-BCF1-61EB30A58348}.Debug|Any CPU.ActiveCfg = Debug|Any CPU
		{7E2CC12F-D3B0-4A9C-BCF1-61EB30A58348}.Debug|Any CPU.Build.0 = Debug|Any CPU
		{7E2CC12F-D3B0-4A9C-BCF1-61EB30A58348}.Release|Any CPU.ActiveCfg = Release|Any CPU
		{7E2CC12F-D3B0-4A9C-BCF1-61EB30A58348}.Release|Any CPU.Build.0 = Release|Any CPU
	EndGlobalSection
	GlobalSection(SolutionProperties) = preSolution
		HideSolutionNode = FALSE
	EndGlobalSection
	GlobalSection(ExtensibilityGlobals) = postSolution
		SolutionGuid = {E6BB428A-AB32-4BFB-9EB1-F8C3B6D4F4BC}
	EndGlobalSection
EndGlobal
